// !$*UTF8*$!
{
	archiveVersion = 1;
	classes = {
	};
	objectVersion = 50;
	objects = {

/* Begin PBXBuildFile section */
		B51B79F42192F1B9009EE54A /* ViewController.swift in Sources */ = {isa = PBXBuildFile; fileRef = B51B79E02192F1B9009EE54A /* ViewController.swift */; };
		B51B79F62192F1B9009EE54A /* Assets.xcassets in Resources */ = {isa = PBXBuildFile; fileRef = B51B79E12192F1B9009EE54A /* Assets.xcassets */; };
		B51B79F82192F1B9009EE54A /* LaunchScreen.storyboard in Resources */ = {isa = PBXBuildFile; fileRef = B51B79E22192F1B9009EE54A /* LaunchScreen.storyboard */; };
		B51B79FA2192F1B9009EE54A /* Main.storyboard in Resources */ = {isa = PBXBuildFile; fileRef = B51B79E42192F1B9009EE54A /* Main.storyboard */; };
		B51B79FC2192F1B9009EE54A /* FloodFillImageView.m in Sources */ = {isa = PBXBuildFile; fileRef = B51B79E72192F1B9009EE54A /* FloodFillImageView.m */; };
		B51B79FE2192F1B9009EE54A /* LinkedListStack.m in Sources */ = {isa = PBXBuildFile; fileRef = B51B79EA2192F1B9009EE54A /* LinkedListStack.m */; };
		B51B7A002192F1B9009EE54A /* UIImage+FloodFill.m in Sources */ = {isa = PBXBuildFile; fileRef = B51B79ED2192F1B9009EE54A /* UIImage+FloodFill.m */; };
		B51B7A022192F1B9009EE54A /* Clown.jpg in Resources */ = {isa = PBXBuildFile; fileRef = B51B79EE2192F1B9009EE54A /* Clown.jpg */; };
		B51B7A042192F1B9009EE54A /* AppDelegate.swift in Sources */ = {isa = PBXBuildFile; fileRef = B51B79EF2192F1B9009EE54A /* AppDelegate.swift */; };
/* End PBXBuildFile section */

/* Begin PBXFileReference section */
		B51B79E02192F1B9009EE54A /* ViewController.swift */ = {isa = PBXFileReference; fileEncoding = 4; lastKnownFileType = sourcecode.swift; path = ViewController.swift; sourceTree = "<group>"; };
		B51B79E12192F1B9009EE54A /* Assets.xcassets */ = {isa = PBXFileReference; lastKnownFileType = folder.assetcatalog; path = Assets.xcassets; sourceTree = "<group>"; };
		B51B79E32192F1B9009EE54A /* Base */ = {isa = PBXFileReference; lastKnownFileType = file.storyboard; name = Base; path = Base.lproj/LaunchScreen.storyboard; sourceTree = "<group>"; };
		B51B79E52192F1B9009EE54A /* Base */ = {isa = PBXFileReference; lastKnownFileType = file.storyboard; name = Base; path = Base.lproj/Main.storyboard; sourceTree = "<group>"; };
		B51B79E72192F1B9009EE54A /* FloodFillImageView.m */ = {isa = PBXFileReference; fileEncoding = 4; lastKnownFileType = sourcecode.c.objc; path = FloodFillImageView.m; sourceTree = "<group>"; };
		B51B79E82192F1B9009EE54A /* LinkedListStack.h */ = {isa = PBXFileReference; fileEncoding = 4; lastKnownFileType = sourcecode.c.h; path = LinkedListStack.h; sourceTree = "<group>"; };
		B51B79E92192F1B9009EE54A /* UIImage+FloodFill.h */ = {isa = PBXFileReference; fileEncoding = 4; lastKnownFileType = sourcecode.c.h; path = "UIImage+FloodFill.h"; sourceTree = "<group>"; };
		B51B79EA2192F1B9009EE54A /* LinkedListStack.m */ = {isa = PBXFileReference; fileEncoding = 4; lastKnownFileType = sourcecode.c.objc; path = LinkedListStack.m; sourceTree = "<group>"; };
		B51B79EB2192F1B9009EE54A /* FloodFillImageView.h */ = {isa = PBXFileReference; fileEncoding = 4; lastKnownFileType = sourcecode.c.h; path = FloodFillImageView.h; sourceTree = "<group>"; };
		B51B79EC2192F1B9009EE54A /* Ramarao-ImageFilling-Bridging-Header.h */ = {isa = PBXFileReference; fileEncoding = 4; lastKnownFileType = sourcecode.c.h; path = "Ramarao-ImageFilling-Bridging-Header.h"; sourceTree = "<group>"; };
		B51B79ED2192F1B9009EE54A /* UIImage+FloodFill.m */ = {isa = PBXFileReference; fileEncoding = 4; lastKnownFileType = sourcecode.c.objc; path = "UIImage+FloodFill.m"; sourceTree = "<group>"; };
		B51B79EE2192F1B9009EE54A /* Clown.jpg */ = {isa = PBXFileReference; lastKnownFileType = image.jpeg; path = Clown.jpg; sourceTree = "<group>"; };
		B51B79EF2192F1B9009EE54A /* AppDelegate.swift */ = {isa = PBXFileReference; fileEncoding = 4; lastKnownFileType = sourcecode.swift; path = AppDelegate.swift; sourceTree = "<group>"; };
		B51B79F02192F1B9009EE54A /* Info.plist */ = {isa = PBXFileReference; fileEncoding = 4; lastKnownFileType = text.plist.xml; path = Info.plist; sourceTree = "<group>"; };
		F4BB2C9B2143E5E700C4DB60 /* Ramarao-ImageFilling.app */ = {isa = PBXFileReference; explicitFileType = wrapper.application; includeInIndex = 0; path = "Ramarao-ImageFilling.app"; sourceTree = BUILT_PRODUCTS_DIR; };
/* End PBXFileReference section */

/* Begin PBXFrameworksBuildPhase section */
		F4BB2C982143E5E600C4DB60 /* Frameworks */ = {
			isa = PBXFrameworksBuildPhase;
			buildActionMask = 2147483647;
			files = (
			);
			runOnlyForDeploymentPostprocessing = 0;
		};
/* End PBXFrameworksBuildPhase section */

/* Begin PBXGroup section */
		B51B79DF2192F1B9009EE54A /* Ramarao-ImageFilling */ = {
			isa = PBXGroup;
			children = (
				B51B79E02192F1B9009EE54A /* ViewController.swift */,
				B51B79E12192F1B9009EE54A /* Assets.xcassets */,
				B51B79E22192F1B9009EE54A /* LaunchScreen.storyboard */,
				B51B79E42192F1B9009EE54A /* Main.storyboard */,
				B51B79E62192F1B9009EE54A /* ColorFilling Files */,
				B51B79EE2192F1B9009EE54A /* Clown.jpg */,
				B51B79EF2192F1B9009EE54A /* AppDelegate.swift */,
				B51B79F02192F1B9009EE54A /* Info.plist */,
			);
			path = "Ramarao-ImageFilling";
			sourceTree = "<group>";
		};
		B51B79E62192F1B9009EE54A /* ColorFilling Files */ = {
			isa = PBXGroup;
			children = (
				B51B79E72192F1B9009EE54A /* FloodFillImageView.m */,
				B51B79E82192F1B9009EE54A /* LinkedListStack.h */,
				B51B79E92192F1B9009EE54A /* UIImage+FloodFill.h */,
				B51B79EA2192F1B9009EE54A /* LinkedListStack.m */,
				B51B79EB2192F1B9009EE54A /* FloodFillImageView.h */,
				B51B79EC2192F1B9009EE54A /* Ramarao-ImageFilling-Bridging-Header.h */,
				B51B79ED2192F1B9009EE54A /* UIImage+FloodFill.m */,
			);
			path = "ColorFilling Files";
			sourceTree = "<group>";
		};
		F4BB2C922143E5E600C4DB60 = {
			isa = PBXGroup;
			children = (
				B51B79DF2192F1B9009EE54A /* Ramarao-ImageFilling */,
				F4BB2C9C2143E5E700C4DB60 /* Products */,
			);
			sourceTree = "<group>";
		};
		F4BB2C9C2143E5E700C4DB60 /* Products */ = {
			isa = PBXGroup;
			children = (
				F4BB2C9B2143E5E700C4DB60 /* Ramarao-ImageFilling.app */,
			);
			name = Products;
			sourceTree = "<group>";
		};
/* End PBXGroup section */

/* Begin PBXNativeTarget section */
		F4BB2C9A2143E5E600C4DB60 /* Ramarao-ImageFilling */ = {
			isa = PBXNativeTarget;
			buildConfigurationList = F4BB2CB82143E63C00C4DB60 /* Build configuration list for PBXNativeTarget "Ramarao-ImageFilling" */;
			buildPhases = (
				F4BB2C972143E5E600C4DB60 /* Sources */,
				F4BB2C982143E5E600C4DB60 /* Frameworks */,
				F4BB2C992143E5E600C4DB60 /* Resources */,
			);
			buildRules = (
			);
			dependencies = (
			);
			name = "Ramarao-ImageFilling";
			productName = Anil_Set;
			productReference = F4BB2C9B2143E5E700C4DB60 /* Ramarao-ImageFilling.app */;
			productType = "com.apple.product-type.application";
		};
/* End PBXNativeTarget section */

/* Begin PBXProject section */
		F4BB2C932143E5E600C4DB60 /* Project object */ = {
			isa = PBXProject;
			attributes = {
				LastSwiftUpdateCheck = 0940;
				LastUpgradeCheck = 0940;
				ORGANIZATIONNAME = Anil_iOS_developer;
				TargetAttributes = {
					F4BB2C9A2143E5E600C4DB60 = {
						CreatedOnToolsVersion = 9.4;
						LastSwiftMigration = 0940;
					};
				};
			};
			buildConfigurationList = F4BB2C962143E5E600C4DB60 /* Build configuration list for PBXProject "Ramarao-ImageFilling" */;
			compatibilityVersion = "Xcode 9.3";
			developmentRegion = en;
			hasScannedForEncodings = 0;
			knownRegions = (
				en,
				Base,
			);
			mainGroup = F4BB2C922143E5E600C4DB60;
			productRefGroup = F4BB2C9C2143E5E700C4DB60 /* Products */;
			projectDirPath = "";
			projectRoot = "";
			targets = (
				F4BB2C9A2143E5E600C4DB60 /* Ramarao-ImageFilling */,
			);
		};
/* End PBXProject section */

/* Begin PBXResourcesBuildPhase section */
		F4BB2C992143E5E600C4DB60 /* Resources */ = {
			isa = PBXResourcesBuildPhase;
			buildActionMask = 2147483647;
			files = (
				B51B79FA2192F1B9009EE54A /* Main.storyboard in Resources */,
				B51B79F62192F1B9009EE54A /* Assets.xcassets in Resources */,
				B51B79F82192F1B9009EE54A /* LaunchScreen.storyboard in Resources */,
				B51B7A022192F1B9009EE54A /* Clown.jpg in Resources */,
			);
			runOnlyForDeploymentPostprocessing = 0;
		};
/* End PBXResourcesBuildPhase section */

/* Begin PBXSourcesBuildPhase section */
		F4BB2C972143E5E600C4DB60 /* Sources */ = {
			isa = PBXSourcesBuildPhase;
			buildActionMask = 2147483647;
			files = (
				B51B79FC2192F1B9009EE54A /* FloodFillImageView.m in Sources */,
				B51B7A002192F1B9009EE54A /* UIImage+FloodFill.m in Sources */,
				B51B79FE2192F1B9009EE54A /* LinkedListStack.m in Sources */,
				B51B7A042192F1B9009EE54A /* AppDelegate.swift in Sources */,
				B51B79F42192F1B9009EE54A /* ViewController.swift in Sources */,
			);
			runOnlyForDeploymentPostprocessing = 0;
		};
/* End PBXSourcesBuildPhase section */

/* Begin PBXVariantGroup section */
		B51B79E22192F1B9009EE54A /* LaunchScreen.storyboard */ = {
			isa = PBXVariantGroup;
			children = (
				B51B79E32192F1B9009EE54A /* Base */,
			);
			name = LaunchScreen.storyboard;
			sourceTree = "<group>";
		};
		B51B79E42192F1B9009EE54A /* Main.storyboard */ = {
			isa = PBXVariantGroup;
			children = (
				B51B79E52192F1B9009EE54A /* Base */,
			);
			name = Main.storyboard;
			sourceTree = "<group>";
		};
/* End PBXVariantGroup section */

/* Begin XCBuildConfiguration section */
		F4BB2CB62143E63C00C4DB60 /* Debug */ = {
			isa = XCBuildConfiguration;
			buildSettings = {
				ALWAYS_SEARCH_USER_PATHS = NO;
				CLANG_ANALYZER_NONNULL = YES;
				CLANG_ANALYZER_NUMBER_OBJECT_CONVERSION = YES_AGGRESSIVE;
				CLANG_CXX_LANGUAGE_STANDARD = "gnu++14";
				CLANG_CXX_LIBRARY = "libc++";
				CLANG_ENABLE_MODULES = YES;
				CLANG_ENABLE_OBJC_ARC = YES;
				CLANG_ENABLE_OBJC_WEAK = YES;
				CLANG_WARN_BLOCK_CAPTURE_AUTORELEASING = YES;
				CLANG_WARN_BOOL_CONVERSION = YES;
				CLANG_WARN_COMMA = YES;
				CLANG_WARN_CONSTANT_CONVERSION = YES;
				CLANG_WARN_DEPRECATED_OBJC_IMPLEMENTATIONS = YES;
				CLANG_WARN_DIRECT_OBJC_ISA_USAGE = YES_ERROR;
				CLANG_WARN_DOCUMENTATION_COMMENTS = YES;
				CLANG_WARN_EMPTY_BODY = YES;
				CLANG_WARN_ENUM_CONVERSION = YES;
				CLANG_WARN_INFINITE_RECURSION = YES;
				CLANG_WARN_INT_CONVERSION = YES;
				CLANG_WARN_NON_LITERAL_NULL_CONVERSION = YES;
				CLANG_WARN_OBJC_IMPLICIT_RETAIN_SELF = YES;
				CLANG_WARN_OBJC_LITERAL_CONVERSION = YES;
				CLANG_WARN_OBJC_ROOT_CLASS = YES_ERROR;
				CLANG_WARN_RANGE_LOOP_ANALYSIS = YES;
				CLANG_WARN_STRICT_PROTOTYPES = YES;
				CLANG_WARN_SUSPICIOUS_MOVE = YES;
				CLANG_WARN_UNGUARDED_AVAILABILITY = YES_AGGRESSIVE;
				CLANG_WARN_UNREACHABLE_CODE = YES;
				CLANG_WARN__DUPLICATE_METHOD_MATCH = YES;
				CODE_SIGN_IDENTITY = "iPhone Developer";
				COPY_PHASE_STRIP = NO;
				DEBUG_INFORMATION_FORMAT = dwarf;
				ENABLE_STRICT_OBJC_MSGSEND = YES;
				ENABLE_TESTABILITY = YES;
				GCC_C_LANGUAGE_STANDARD = gnu11;
				GCC_DYNAMIC_NO_PIC = NO;
				GCC_NO_COMMON_BLOCKS = YES;
				GCC_OPTIMIZATION_LEVEL = 0;
				GCC_PREPROCESSOR_DEFINITIONS = (
					"DEBUG=1",
					"$(inherited)",
				);
				GCC_WARN_64_TO_32_BIT_CONVERSION = YES;
				GCC_WARN_ABOUT_RETURN_TYPE = YES_ERROR;
				GCC_WARN_UNDECLARED_SELECTOR = YES;
				GCC_WARN_UNINITIALIZED_AUTOS = YES_AGGRESSIVE;
				GCC_WARN_UNUSED_FUNCTION = YES;
				GCC_WARN_UNUSED_VARIABLE = YES;
				IPHONEOS_DEPLOYMENT_TARGET = 11.4;
				MTL_ENABLE_DEBUG_INFO = YES;
				ONLY_ACTIVE_ARCH = YES;
				SDKROOT = iphoneos;
				SWIFT_ACTIVE_COMPILATION_CONDITIONS = DEBUG;
				SWIFT_OPTIMIZATION_LEVEL = "-Onone";
			};
			name = Debug;
		};
		F4BB2CB72143E63C00C4DB60 /* Release */ = {
			isa = XCBuildConfiguration;
			buildSettings = {
				ALWAYS_SEARCH_USER_PATHS = NO;
				CLANG_ANALYZER_NONNULL = YES;
				CLANG_ANALYZER_NUMBER_OBJECT_CONVERSION = YES_AGGRESSIVE;
				CLANG_CXX_LANGUAGE_STANDARD = "gnu++14";
				CLANG_CXX_LIBRARY = "libc++";
				CLANG_ENABLE_MODULES = YES;
				CLANG_ENABLE_OBJC_ARC = YES;
				CLANG_ENABLE_OBJC_WEAK = YES;
				CLANG_WARN_BLOCK_CAPTURE_AUTORELEASING = YES;
				CLANG_WARN_BOOL_CONVERSION = YES;
				CLANG_WARN_COMMA = YES;
				CLANG_WARN_CONSTANT_CONVERSION = YES;
				CLANG_WARN_DEPRECATED_OBJC_IMPLEMENTATIONS = YES;
				CLANG_WARN_DIRECT_OBJC_ISA_USAGE = YES_ERROR;
				CLANG_WARN_DOCUMENTATION_COMMENTS = YES;
				CLANG_WARN_EMPTY_BODY = YES;
				CLANG_WARN_ENUM_CONVERSION = YES;
				CLANG_WARN_INFINITE_RECURSION = YES;
				CLANG_WARN_INT_CONVERSION = YES;
				CLANG_WARN_NON_LITERAL_NULL_CONVERSION = YES;
				CLANG_WARN_OBJC_IMPLICIT_RETAIN_SELF = YES;
				CLANG_WARN_OBJC_LITERAL_CONVERSION = YES;
				CLANG_WARN_OBJC_ROOT_CLASS = YES_ERROR;
				CLANG_WARN_RANGE_LOOP_ANALYSIS = YES;
				CLANG_WARN_STRICT_PROTOTYPES = YES;
				CLANG_WARN_SUSPICIOUS_MOVE = YES;
				CLANG_WARN_UNGUARDED_AVAILABILITY = YES_AGGRESSIVE;
				CLANG_WARN_UNREACHABLE_CODE = YES;
				CLANG_WARN__DUPLICATE_METHOD_MATCH = YES;
				CODE_SIGN_IDENTITY = "iPhone Developer";
				COPY_PHASE_STRIP = NO;
				DEBUG_INFORMATION_FORMAT = "dwarf-with-dsym";
				ENABLE_NS_ASSERTIONS = NO;
				ENABLE_STRICT_OBJC_MSGSEND = YES;
				GCC_C_LANGUAGE_STANDARD = gnu11;
				GCC_NO_COMMON_BLOCKS = YES;
				GCC_WARN_64_TO_32_BIT_CONVERSION = YES;
				GCC_WARN_ABOUT_RETURN_TYPE = YES_ERROR;
				GCC_WARN_UNDECLARED_SELECTOR = YES;
				GCC_WARN_UNINITIALIZED_AUTOS = YES_AGGRESSIVE;
				GCC_WARN_UNUSED_FUNCTION = YES;
				GCC_WARN_UNUSED_VARIABLE = YES;
				IPHONEOS_DEPLOYMENT_TARGET = 11.4;
				MTL_ENABLE_DEBUG_INFO = NO;
				SDKROOT = iphoneos;
				SWIFT_COMPILATION_MODE = wholemodule;
				SWIFT_OPTIMIZATION_LEVEL = "-O";
				VALIDATE_PRODUCT = YES;
			};
			name = Release;
		};
		F4BB2CB92143E63C00C4DB60 /* Debug */ = {
			isa = XCBuildConfiguration;
			buildSettings = {
				ASSETCATALOG_COMPILER_APPICON_NAME = AppIcon;
				CLANG_ENABLE_MODULES = YES;
				CODE_SIGN_STYLE = Automatic;
				INFOPLIST_FILE = "$(SRCROOT)/Ramarao-ImageFilling/Info.plist";
				LD_RUNPATH_SEARCH_PATHS = (
					"$(inherited)",
					"@executable_path/Frameworks",
				);
				PRODUCT_BUNDLE_IDENTIFIER = "com.ram.UnitTesting.Ramarao-ImageFilling";
				PRODUCT_NAME = "$(TARGET_NAME)";
				SWIFT_OBJC_BRIDGING_HEADER = "Ramarao-ImageFilling/ColorFilling Files/Ramarao-ImageFilling-Bridging-Header.h";
				SWIFT_OPTIMIZATION_LEVEL = "-Onone";
				SWIFT_VERSION = 4.0;
				TARGETED_DEVICE_FAMILY = "1,2";
			};
			name = Debug;
		};
		F4BB2CBA2143E63C00C4DB60 /* Release */ = {
			isa = XCBuildConfiguration;
			buildSettings = {
				ASSETCATALOG_COMPILER_APPICON_NAME = AppIcon;
				CLANG_ENABLE_MODULES = YES;
				CODE_SIGN_STYLE = Automatic;
				INFOPLIST_FILE = "$(SRCROOT)/Ramarao-ImageFilling/Info.plist";
				LD_RUNPATH_SEARCH_PATHS = (
					"$(inherited)",
					"@executable_path/Frameworks",
				);
				PRODUCT_BUNDLE_IDENTIFIER = "com.ram.UnitTesting.Ramarao-ImageFilling";
				PRODUCT_NAME = "$(TARGET_NAME)";
				SWIFT_OBJC_BRIDGING_HEADER = "Ramarao-ImageFilling/ColorFilling Files/Ramarao-ImageFilling-Bridging-Header.h";
				SWIFT_VERSION = 4.0;
				TARGETED_DEVICE_FAMILY = "1,2";
			};
			name = Release;
		};
/* End XCBuildConfiguration section */

/* Begin XCConfigurationList section */
		F4BB2C962143E5E600C4DB60 /* Build configuration list for PBXProject "Ramarao-ImageFilling" */ = {
			isa = XCConfigurationList;
			buildConfigurations = (
				F4BB2CB62143E63C00C4DB60 /* Debug */,
				F4BB2CB72143E63C00C4DB60 /* Release */,
			);
			defaultConfigurationIsVisible = 0;
			defaultConfigurationName = Release;
		};
		F4BB2CB82143E63C00C4DB60 /* Build configuration list for PBXNativeTarget "Ramarao-ImageFilling" */ = {
			isa = XCConfigurationList;
			buildConfigurations = (
				F4BB2CB92143E63C00C4DB60 /* Debug */,
				F4BB2CBA2143E63C00C4DB60 /* Release */,
			);
			defaultConfigurationIsVisible = 0;
			defaultConfigurationName = Release;
		};
/* End XCConfigurationList section */
	};
	rootObject = F4BB2C932143E5E600C4DB60 /* Project object */;
}
